
Microsoft Visual Studio Solution File, Format Version 12.00
# Visual Studio Version 17
VisualStudioVersion = 17.3.32819.101
MinimumVisualStudioVersion = 10.0.40219.1
Project("{FAE04EC0-301F-11D3-BF4B-00C04F79EFBC}") = "AreaOfFigures", "AreaOfFigures\AreaOfFigures.csproj", "{F840E500-7142-4D27-8FB8-AE20583B7966}"
EndProject
Project("{FAE04EC0-301F-11D3-BF4B-00C04F79EFBC}") = "AreaOfFiguresTests", "AreaOfFiguresTests\AreaOfFiguresTests.csproj", "{4484A3F6-7DC1-4277-8F57-8D5E4DA72431}"
EndProject
Global
	GlobalSection(SolutionConfigurationPlatforms) = preSolution
		Debug|Any CPU = Debug|Any CPU
		Release|Any CPU = Release|Any CPU
	EndGlobalSection
	GlobalSection(ProjectConfigurationPlatforms) = postSolution
		{F840E500-7142-4D27-8FB8-AE20583B7966}.Debug|Any CPU.ActiveCfg = Debug|Any CPU
		{F840E500-7142-4D27-8FB8-AE20583B7966}.Debug|Any CPU.Build.0 = Debug|Any CPU
		{F840E500-7142-4D27-8FB8-AE20583B7966}.Release|Any CPU.ActiveCfg = Release|Any CPU
		{F840E500-7142-4D27-8FB8-AE20583B7966}.Release|Any CPU.Build.0 = Release|Any CPU
		{4484A3F6-7DC1-4277-8F57-8D5E4DA72431}.Debug|Any CPU.ActiveCfg = Debug|Any CPU
		{4484A3F6-7DC1-4277-8F57-8D5E4DA72431}.Debug|Any CPU.Build.0 = Debug|Any CPU
		{4484A3F6-7DC1-4277-8F57-8D5E4DA72431}.Release|Any CPU.ActiveCfg = Release|Any CPU
		{4484A3F6-7DC1-4277-8F57-8D5E4DA72431}.Release|Any CPU.Build.0 = Release|Any CPU
	EndGlobalSection
	GlobalSection(SolutionProperties) = preSolution
		HideSolutionNode = FALSE
	EndGlobalSection
	GlobalSection(ExtensibilityGlobals) = postSolution
		SolutionGuid = {DA557137-6038-4665-849F-A9AC80F4A3C0}
	EndGlobalSection
EndGlobal
